{
  "originHash" : "b287d0f7d80796a27339d68b0f7a2d2c02a5096bab4e97068ef8de61ba2a2d07",
  "pins" : [
    {
      "identity" : "swiftmessages",
      "kind" : "remoteSourceControl",
      "location" : "https://github.com/SwiftKickMobile/SwiftMessages.git",
      "state" : {
        "revision" : "c0ff6c65bfc00e6a707957cb7069988c5cde2a30",
        "version" : "10.0.2"
      }
    }
  ],
  "version" : 3
}
